{
  "name": "react-navigation-transitions",
  "version": "1.0.11",
  "lockfileVersion": 1,
  "requires": true,
  "dependencies": {
    "@types/prop-types": {
      "version": "15.7.1",
      "resolved": "https://registry.npmjs.org/@types/prop-types/-/prop-types-15.7.1.tgz",
      "integrity": "sha512-CFzn9idOEpHrgdw8JsoTkaDDyRWk1jrzIV8djzcgpq0y9tG4B4lFT+Nxh52DVpDXV+n4+NPNv7M1Dj5uMp6XFg==",
      "dev": true
    },
    "@types/react": {
      "version": "16.8.23",
      "resolved": "https://registry.npmjs.org/@types/react/-/react-16.8.23.tgz",
      "integrity": "sha512-abkEOIeljniUN9qB5onp++g0EY38h7atnDHxwKUFz1r3VH1+yG1OKi2sNPTyObL40goBmfKFpdii2lEzwLX1cA==",
      "dev": true,
      "requires": {
        "@types/prop-types": "*",
        "csstype": "^2.2.0"
      }
    },
    "@types/react-native": {
      "version": "0.60.2",
      "resolved": "https://registry.npmjs.org/@types/react-native/-/react-native-0.60.2.tgz",
      "integrity": "sha512-K4+/etirpv52xu24xAc++OdhbD0VQEt0Kq0h6dZrLU82OlA+I7BhpKF3JBvx9tbmrFaZDxhHp8N4TEvRYS4fdQ==",
      "dev": true,
      "requires": {
        "@types/prop-types": "*",
        "@types/react": "*"
      }
    },
    "@types/react-navigation": {
      "version": "3.0.7",
      "resolved": "https://registry.npmjs.org/@types/react-navigation/-/react-navigation-3.0.7.tgz",
      "integrity": "sha512-JFsNeCAQEQGTpObiD1QczDyCyQkFBaQA/F85Fo2W8QML1b6UNYHlUDtEYJA6jcfXqPoL15dVPBVj9NBJlHToqA==",
      "dev": true,
      "requires": {
        "@types/react": "*",
        "@types/react-native": "*"
      }
    },
    "csstype": {
      "version": "2.6.6",
      "resolved": "https://registry.npmjs.org/csstype/-/csstype-2.6.6.tgz",
      "integrity": "sha512-RpFbQGUE74iyPgvr46U9t1xoQBM8T4BL8SxrN66Le2xYAPSaDJJKeztV3awugusb3g3G9iL8StmkBBXhcbbXhg==",
      "dev": true
    }
  }
}
