# THIS IS AN AUTOGENERATED FILE. DO NOT EDIT THIS FILE DIRECTLY.
# yarn lockfile v1


"@types/prop-types@*":
  version "15.7.1"
  resolved "https://registry.yarnpkg.com/@types/prop-types/-/prop-types-15.7.1.tgz#f1a11e7babb0c3cad68100be381d1e064c68f1f6"
  integrity sha512-CFzn9idOEpHrgdw8JsoTkaDDyRWk1jrzIV8djzcgpq0y9tG4B4lFT+Nxh52DVpDXV+n4+NPNv7M1Dj5uMp6XFg==

"@types/react-native@*":
  version "0.60.1"
  resolved "https://registry.yarnpkg.com/@types/react-native/-/react-native-0.60.1.tgz#b512fe7156df18ddb3860b4551cfa5de667e68b5"
  integrity sha512-COOHdIDGEjpqacOm4bJmq4kmchPU6WiP0JeTzuESvqu4CzfeyMZ96eG+WYO8n3ebQjpN38Hqw+VwMPxe/BrhKg==
  dependencies:
    "@types/prop-types" "*"
    "@types/react" "*"

"@types/react-navigation@^3.0.7":
  version "3.0.7"
  resolved "https://registry.yarnpkg.com/@types/react-navigation/-/react-navigation-3.0.7.tgz#5d327b00de2bb58203977002c3ea21302da72034"
  integrity sha512-JFsNeCAQEQGTpObiD1QczDyCyQkFBaQA/F85Fo2W8QML1b6UNYHlUDtEYJA6jcfXqPoL15dVPBVj9NBJlHToqA==
  dependencies:
    "@types/react" "*"
    "@types/react-native" "*"

"@types/react@*":
  version "16.8.23"
  resolved "https://registry.yarnpkg.com/@types/react/-/react-16.8.23.tgz#ec6be3ceed6353a20948169b6cb4c97b65b97ad2"
  integrity sha512-abkEOIeljniUN9qB5onp++g0EY38h7atnDHxwKUFz1r3VH1+yG1OKi2sNPTyObL40goBmfKFpdii2lEzwLX1cA==
  dependencies:
    "@types/prop-types" "*"
    csstype "^2.2.0"

csstype@^2.2.0:
  version "2.6.6"
  resolved "https://registry.yarnpkg.com/csstype/-/csstype-2.6.6.tgz#c34f8226a94bbb10c32cc0d714afdf942291fc41"
  integrity sha512-RpFbQGUE74iyPgvr46U9t1xoQBM8T4BL8SxrN66Le2xYAPSaDJJKeztV3awugusb3g3G9iL8StmkBBXhcbbXhg==
